
Microsoft Visual Studio Solution File, Format Version 12.00
Project("{2150E333-8FDC-42A3-9474-1A3956D46DE8}") = "src", "src", "{91A0E07A-0995-4F2B-8F38-5D675FEF172E}"
EndProject
Project("{2150E333-8FDC-42A3-9474-1A3956D46DE8}") = "Engine", "Engine", "{99BEFACD-2CC0-414F-9317-3C49769B9790}"
EndProject
Project("{FAE04EC0-301F-11D3-BF4B-00C04F79EFBC}") = "EvoLife.Engine.Core", "src\Engine\EvoLife.Engine.Core\EvoLife.Engine.Core.csproj", "{F4CA6424-0425-45BC-83B9-E621BA3DB403}"
EndProject
Project("{FAE04EC0-301F-11D3-BF4B-00C04F79EFBC}") = "EvoLife.Engine.Implementation", "src\Engine\EvoLife.Engine.Implementation\EvoLife.Engine.Implementation.csproj", "{2DEE2B2A-90E4-4161-8E52-7D3B39D8B931}"
EndProject
Global
	GlobalSection(SolutionConfigurationPlatforms) = preSolution
		Debug|Any CPU = Debug|Any CPU
		Release|Any CPU = Release|Any CPU
	EndGlobalSection
	GlobalSection(NestedProjects) = preSolution
		{99BEFACD-2CC0-414F-9317-3C49769B9790} = {91A0E07A-0995-4F2B-8F38-5D675FEF172E}
		{F4CA6424-0425-45BC-83B9-E621BA3DB403} = {99BEFACD-2CC0-414F-9317-3C49769B9790}
		{2DEE2B2A-90E4-4161-8E52-7D3B39D8B931} = {99BEFACD-2CC0-414F-9317-3C49769B9790}
	EndGlobalSection
	GlobalSection(ProjectConfigurationPlatforms) = postSolution
		{F4CA6424-0425-45BC-83B9-E621BA3DB403}.Debug|Any CPU.ActiveCfg = Debug|Any CPU
		{F4CA6424-0425-45BC-83B9-E621BA3DB403}.Debug|Any CPU.Build.0 = Debug|Any CPU
		{F4CA6424-0425-45BC-83B9-E621BA3DB403}.Release|Any CPU.ActiveCfg = Release|Any CPU
		{F4CA6424-0425-45BC-83B9-E621BA3DB403}.Release|Any CPU.Build.0 = Release|Any CPU
		{2DEE2B2A-90E4-4161-8E52-7D3B39D8B931}.Debug|Any CPU.ActiveCfg = Debug|Any CPU
		{2DEE2B2A-90E4-4161-8E52-7D3B39D8B931}.Debug|Any CPU.Build.0 = Debug|Any CPU
		{2DEE2B2A-90E4-4161-8E52-7D3B39D8B931}.Release|Any CPU.ActiveCfg = Release|Any CPU
		{2DEE2B2A-90E4-4161-8E52-7D3B39D8B931}.Release|Any CPU.Build.0 = Release|Any CPU
	EndGlobalSection
EndGlobal
